
Microsoft Visual Studio Solution File, Format Version 12.00
# Visual Studio Version 17
VisualStudioVersion = 17.11.35327.3
MinimumVisualStudioVersion = 10.0.40219.1
Project("{FAE04EC0-301F-11D3-BF4B-00C04F79EFBC}") = "exercise-14", "exercise-14\exercise-14.csproj", "{FD862BA0-D260-4D79-A8E1-4E62A07C1F4F}"
EndProject
Global
	GlobalSection(SolutionConfigurationPlatforms) = preSolution
		Debug|Any CPU = Debug|Any CPU
		Release|Any CPU = Release|Any CPU
	EndGlobalSection
	GlobalSection(ProjectConfigurationPlatforms) = postSolution
		{FD862BA0-D260-4D79-A8E1-4E62A07C1F4F}.Debug|Any CPU.ActiveCfg = Debug|Any CPU
		{FD862BA0-D260-4D79-A8E1-4E62A07C1F4F}.Debug|Any CPU.Build.0 = Debug|Any CPU
		{FD862BA0-D260-4D79-A8E1-4E62A07C1F4F}.Release|Any CPU.ActiveCfg = Release|Any CPU
		{FD862BA0-D260-4D79-A8E1-4E62A07C1F4F}.Release|Any CPU.Build.0 = Release|Any CPU
	EndGlobalSection
	GlobalSection(SolutionProperties) = preSolution
		HideSolutionNode = FALSE
	EndGlobalSection
	GlobalSection(ExtensibilityGlobals) = postSolution
		SolutionGuid = {A97D2638-E493-44A5-A2F3-95261AA19318}
	EndGlobalSection
EndGlobal
