
Microsoft Visual Studio Solution File, Format Version 12.00
# Visual Studio Version 17
VisualStudioVersion = 17.11.35327.3
MinimumVisualStudioVersion = 10.0.40219.1
Project("{FAE04EC0-301F-11D3-BF4B-00C04F79EFBC}") = "exercise-13", "exercise-13\exercise-13.csproj", "{06DB117E-ECB6-495A-B811-B383550C56BB}"
EndProject
Global
	GlobalSection(SolutionConfigurationPlatforms) = preSolution
		Debug|Any CPU = Debug|Any CPU
		Release|Any CPU = Release|Any CPU
	EndGlobalSection
	GlobalSection(ProjectConfigurationPlatforms) = postSolution
		{06DB117E-ECB6-495A-B811-B383550C56BB}.Debug|Any CPU.ActiveCfg = Debug|Any CPU
		{06DB117E-ECB6-495A-B811-B383550C56BB}.Debug|Any CPU.Build.0 = Debug|Any CPU
		{06DB117E-ECB6-495A-B811-B383550C56BB}.Release|Any CPU.ActiveCfg = Release|Any CPU
		{06DB117E-ECB6-495A-B811-B383550C56BB}.Release|Any CPU.Build.0 = Release|Any CPU
	EndGlobalSection
	GlobalSection(SolutionProperties) = preSolution
		HideSolutionNode = FALSE
	EndGlobalSection
	GlobalSection(ExtensibilityGlobals) = postSolution
		SolutionGuid = {1F9CAEBA-24C7-4A8B-BF97-6196FC7653A6}
	EndGlobalSection
EndGlobal
