
Microsoft Visual Studio Solution File, Format Version 12.00
# Visual Studio Version 17
VisualStudioVersion = 17.11.35327.3
MinimumVisualStudioVersion = 10.0.40219.1
Project("{FAE04EC0-301F-11D3-BF4B-00C04F79EFBC}") = "exercise-24", "exercise-24\exercise-24.csproj", "{EF0CC91E-85AB-40AD-9B0A-27B427372743}"
EndProject
Global
	GlobalSection(SolutionConfigurationPlatforms) = preSolution
		Debug|Any CPU = Debug|Any CPU
		Release|Any CPU = Release|Any CPU
	EndGlobalSection
	GlobalSection(ProjectConfigurationPlatforms) = postSolution
		{EF0CC91E-85AB-40AD-9B0A-27B427372743}.Debug|Any CPU.ActiveCfg = Debug|Any CPU
		{EF0CC91E-85AB-40AD-9B0A-27B427372743}.Debug|Any CPU.Build.0 = Debug|Any CPU
		{EF0CC91E-85AB-40AD-9B0A-27B427372743}.Release|Any CPU.ActiveCfg = Release|Any CPU
		{EF0CC91E-85AB-40AD-9B0A-27B427372743}.Release|Any CPU.Build.0 = Release|Any CPU
	EndGlobalSection
	GlobalSection(SolutionProperties) = preSolution
		HideSolutionNode = FALSE
	EndGlobalSection
	GlobalSection(ExtensibilityGlobals) = postSolution
		SolutionGuid = {918A6469-B148-4A1F-98C6-E9C2FCABD96D}
	EndGlobalSection
EndGlobal
