
Microsoft Visual Studio Solution File, Format Version 12.00
# Visual Studio Version 17
VisualStudioVersion = 17.13.35931.197 d17.13
MinimumVisualStudioVersion = 10.0.40219.1
Project("{FAE04EC0-301F-11D3-BF4B-00C04F79EFBC}") = "exercise-56", "exercise-56\exercise-56.csproj", "{6540DF39-4F11-4BE7-BCE5-3C829489D96D}"
EndProject
Global
	GlobalSection(SolutionConfigurationPlatforms) = preSolution
		Debug|Any CPU = Debug|Any CPU
		Release|Any CPU = Release|Any CPU
	EndGlobalSection
	GlobalSection(ProjectConfigurationPlatforms) = postSolution
		{6540DF39-4F11-4BE7-BCE5-3C829489D96D}.Debug|Any CPU.ActiveCfg = Debug|Any CPU
		{6540DF39-4F11-4BE7-BCE5-3C829489D96D}.Debug|Any CPU.Build.0 = Debug|Any CPU
		{6540DF39-4F11-4BE7-BCE5-3C829489D96D}.Release|Any CPU.ActiveCfg = Release|Any CPU
		{6540DF39-4F11-4BE7-BCE5-3C829489D96D}.Release|Any CPU.Build.0 = Release|Any CPU
	EndGlobalSection
	GlobalSection(SolutionProperties) = preSolution
		HideSolutionNode = FALSE
	EndGlobalSection
	GlobalSection(ExtensibilityGlobals) = postSolution
		SolutionGuid = {50619D56-5299-4D0A-A92D-1AA20A00CD76}
	EndGlobalSection
EndGlobal
