
Microsoft Visual Studio Solution File, Format Version 12.00
# Visual Studio Version 17
VisualStudioVersion = 17.11.35327.3
MinimumVisualStudioVersion = 10.0.40219.1
Project("{FAE04EC0-301F-11D3-BF4B-00C04F79EFBC}") = "exercise-31", "exercise-31\exercise-31.csproj", "{F02A82EA-9FEE-4D1D-A0AE-C46584ECD536}"
EndProject
Global
	GlobalSection(SolutionConfigurationPlatforms) = preSolution
		Debug|Any CPU = Debug|Any CPU
		Release|Any CPU = Release|Any CPU
	EndGlobalSection
	GlobalSection(ProjectConfigurationPlatforms) = postSolution
		{F02A82EA-9FEE-4D1D-A0AE-C46584ECD536}.Debug|Any CPU.ActiveCfg = Debug|Any CPU
		{F02A82EA-9FEE-4D1D-A0AE-C46584ECD536}.Debug|Any CPU.Build.0 = Debug|Any CPU
		{F02A82EA-9FEE-4D1D-A0AE-C46584ECD536}.Release|Any CPU.ActiveCfg = Release|Any CPU
		{F02A82EA-9FEE-4D1D-A0AE-C46584ECD536}.Release|Any CPU.Build.0 = Release|Any CPU
	EndGlobalSection
	GlobalSection(SolutionProperties) = preSolution
		HideSolutionNode = FALSE
	EndGlobalSection
	GlobalSection(ExtensibilityGlobals) = postSolution
		SolutionGuid = {AE486B80-987F-4A2E-B36D-28F46F82CC3D}
	EndGlobalSection
EndGlobal
