
Microsoft Visual Studio Solution File, Format Version 12.00
# Visual Studio Version 17
VisualStudioVersion = 17.11.35327.3
MinimumVisualStudioVersion = 10.0.40219.1
Project("{FAE04EC0-301F-11D3-BF4B-00C04F79EFBC}") = "exercise-21", "exercise-21\exercise-21.csproj", "{64173ADF-9B39-49EF-85C4-015D36C622F0}"
EndProject
Global
	GlobalSection(SolutionConfigurationPlatforms) = preSolution
		Debug|Any CPU = Debug|Any CPU
		Release|Any CPU = Release|Any CPU
	EndGlobalSection
	GlobalSection(ProjectConfigurationPlatforms) = postSolution
		{64173ADF-9B39-49EF-85C4-015D36C622F0}.Debug|Any CPU.ActiveCfg = Debug|Any CPU
		{64173ADF-9B39-49EF-85C4-015D36C622F0}.Debug|Any CPU.Build.0 = Debug|Any CPU
		{64173ADF-9B39-49EF-85C4-015D36C622F0}.Release|Any CPU.ActiveCfg = Release|Any CPU
		{64173ADF-9B39-49EF-85C4-015D36C622F0}.Release|Any CPU.Build.0 = Release|Any CPU
	EndGlobalSection
	GlobalSection(SolutionProperties) = preSolution
		HideSolutionNode = FALSE
	EndGlobalSection
	GlobalSection(ExtensibilityGlobals) = postSolution
		SolutionGuid = {E45FE7D0-AF75-460B-95D7-6461276A0DE8}
	EndGlobalSection
EndGlobal
