
Microsoft Visual Studio Solution File, Format Version 12.00
# Visual Studio Version 17
VisualStudioVersion = 17.11.35327.3
MinimumVisualStudioVersion = 10.0.40219.1
Project("{FAE04EC0-301F-11D3-BF4B-00C04F79EFBC}") = "exercise-2", "exercise-2\exercise-2.csproj", "{0464D2B8-DF85-4EC6-9785-474317F8A9EF}"
EndProject
Global
	GlobalSection(SolutionConfigurationPlatforms) = preSolution
		Debug|Any CPU = Debug|Any CPU
		Release|Any CPU = Release|Any CPU
	EndGlobalSection
	GlobalSection(ProjectConfigurationPlatforms) = postSolution
		{0464D2B8-DF85-4EC6-9785-474317F8A9EF}.Debug|Any CPU.ActiveCfg = Debug|Any CPU
		{0464D2B8-DF85-4EC6-9785-474317F8A9EF}.Debug|Any CPU.Build.0 = Debug|Any CPU
		{0464D2B8-DF85-4EC6-9785-474317F8A9EF}.Release|Any CPU.ActiveCfg = Release|Any CPU
		{0464D2B8-DF85-4EC6-9785-474317F8A9EF}.Release|Any CPU.Build.0 = Release|Any CPU
	EndGlobalSection
	GlobalSection(SolutionProperties) = preSolution
		HideSolutionNode = FALSE
	EndGlobalSection
	GlobalSection(ExtensibilityGlobals) = postSolution
		SolutionGuid = {FD7CD114-9A60-4B03-A1B3-43452EDA3C0D}
	EndGlobalSection
EndGlobal
