
Microsoft Visual Studio Solution File, Format Version 12.00
# Visual Studio Version 17
VisualStudioVersion = 17.13.35931.197 d17.13
MinimumVisualStudioVersion = 10.0.40219.1
Project("{FAE04EC0-301F-11D3-BF4B-00C04F79EFBC}") = "exercise-49", "exercise-49\exercise-49.csproj", "{96F85C7F-6A49-4943-8A2B-4FDAD6EAC306}"
EndProject
Global
	GlobalSection(SolutionConfigurationPlatforms) = preSolution
		Debug|Any CPU = Debug|Any CPU
		Release|Any CPU = Release|Any CPU
	EndGlobalSection
	GlobalSection(ProjectConfigurationPlatforms) = postSolution
		{96F85C7F-6A49-4943-8A2B-4FDAD6EAC306}.Debug|Any CPU.ActiveCfg = Debug|Any CPU
		{96F85C7F-6A49-4943-8A2B-4FDAD6EAC306}.Debug|Any CPU.Build.0 = Debug|Any CPU
		{96F85C7F-6A49-4943-8A2B-4FDAD6EAC306}.Release|Any CPU.ActiveCfg = Release|Any CPU
		{96F85C7F-6A49-4943-8A2B-4FDAD6EAC306}.Release|Any CPU.Build.0 = Release|Any CPU
	EndGlobalSection
	GlobalSection(SolutionProperties) = preSolution
		HideSolutionNode = FALSE
	EndGlobalSection
	GlobalSection(ExtensibilityGlobals) = postSolution
		SolutionGuid = {BBB2D614-330A-4F25-86E6-737DC2F8CCA7}
	EndGlobalSection
EndGlobal
