
Microsoft Visual Studio Solution File, Format Version 12.00
# Visual Studio Version 17
VisualStudioVersion = 17.11.35327.3
MinimumVisualStudioVersion = 10.0.40219.1
Project("{FAE04EC0-301F-11D3-BF4B-00C04F79EFBC}") = "exercise-42", "exercise-42\exercise-42.csproj", "{8147968E-8698-491A-8DE7-AD139D28B379}"
EndProject
Global
	GlobalSection(SolutionConfigurationPlatforms) = preSolution
		Debug|Any CPU = Debug|Any CPU
		Release|Any CPU = Release|Any CPU
	EndGlobalSection
	GlobalSection(ProjectConfigurationPlatforms) = postSolution
		{8147968E-8698-491A-8DE7-AD139D28B379}.Debug|Any CPU.ActiveCfg = Debug|Any CPU
		{8147968E-8698-491A-8DE7-AD139D28B379}.Debug|Any CPU.Build.0 = Debug|Any CPU
		{8147968E-8698-491A-8DE7-AD139D28B379}.Release|Any CPU.ActiveCfg = Release|Any CPU
		{8147968E-8698-491A-8DE7-AD139D28B379}.Release|Any CPU.Build.0 = Release|Any CPU
	EndGlobalSection
	GlobalSection(SolutionProperties) = preSolution
		HideSolutionNode = FALSE
	EndGlobalSection
	GlobalSection(ExtensibilityGlobals) = postSolution
		SolutionGuid = {417FD70C-BB29-4F21-95AE-0BA8EE726C8D}
	EndGlobalSection
EndGlobal
