
Microsoft Visual Studio Solution File, Format Version 12.00
# Visual Studio Version 17
VisualStudioVersion = 17.13.35931.197 d17.13
MinimumVisualStudioVersion = 10.0.40219.1
Project("{FAE04EC0-301F-11D3-BF4B-00C04F79EFBC}") = "exercise-63", "exercise-63\exercise-63.csproj", "{0540E5DD-2913-41CD-B3A4-FDDCEA69D526}"
EndProject
Global
	GlobalSection(SolutionConfigurationPlatforms) = preSolution
		Debug|Any CPU = Debug|Any CPU
		Release|Any CPU = Release|Any CPU
	EndGlobalSection
	GlobalSection(ProjectConfigurationPlatforms) = postSolution
		{0540E5DD-2913-41CD-B3A4-FDDCEA69D526}.Debug|Any CPU.ActiveCfg = Debug|Any CPU
		{0540E5DD-2913-41CD-B3A4-FDDCEA69D526}.Debug|Any CPU.Build.0 = Debug|Any CPU
		{0540E5DD-2913-41CD-B3A4-FDDCEA69D526}.Release|Any CPU.ActiveCfg = Release|Any CPU
		{0540E5DD-2913-41CD-B3A4-FDDCEA69D526}.Release|Any CPU.Build.0 = Release|Any CPU
	EndGlobalSection
	GlobalSection(SolutionProperties) = preSolution
		HideSolutionNode = FALSE
	EndGlobalSection
	GlobalSection(ExtensibilityGlobals) = postSolution
		SolutionGuid = {3543A6D1-4798-4715-9219-CACED987E2AB}
	EndGlobalSection
EndGlobal
