
Microsoft Visual Studio Solution File, Format Version 12.00
# Visual Studio Version 17
VisualStudioVersion = 17.13.35931.197 d17.13
MinimumVisualStudioVersion = 10.0.40219.1
Project("{FAE04EC0-301F-11D3-BF4B-00C04F79EFBC}") = "exercise-51", "exercise-51\exercise-51.csproj", "{2C9F3673-3153-4BBB-9AE4-34041744E2D6}"
EndProject
Global
	GlobalSection(SolutionConfigurationPlatforms) = preSolution
		Debug|Any CPU = Debug|Any CPU
		Release|Any CPU = Release|Any CPU
	EndGlobalSection
	GlobalSection(ProjectConfigurationPlatforms) = postSolution
		{2C9F3673-3153-4BBB-9AE4-34041744E2D6}.Debug|Any CPU.ActiveCfg = Debug|Any CPU
		{2C9F3673-3153-4BBB-9AE4-34041744E2D6}.Debug|Any CPU.Build.0 = Debug|Any CPU
		{2C9F3673-3153-4BBB-9AE4-34041744E2D6}.Release|Any CPU.ActiveCfg = Release|Any CPU
		{2C9F3673-3153-4BBB-9AE4-34041744E2D6}.Release|Any CPU.Build.0 = Release|Any CPU
	EndGlobalSection
	GlobalSection(SolutionProperties) = preSolution
		HideSolutionNode = FALSE
	EndGlobalSection
	GlobalSection(ExtensibilityGlobals) = postSolution
		SolutionGuid = {2071DC97-A823-4930-8366-51ADDC8C0DF3}
	EndGlobalSection
EndGlobal
