
Microsoft Visual Studio Solution File, Format Version 12.00
# Visual Studio Version 17
VisualStudioVersion = 17.13.35931.197 d17.13
MinimumVisualStudioVersion = 10.0.40219.1
Project("{FAE04EC0-301F-11D3-BF4B-00C04F79EFBC}") = "exercise-50", "exercise-50\exercise-50.csproj", "{B6B68CA7-CEC7-4752-A728-44AC1AA6CA72}"
EndProject
Global
	GlobalSection(SolutionConfigurationPlatforms) = preSolution
		Debug|Any CPU = Debug|Any CPU
		Release|Any CPU = Release|Any CPU
	EndGlobalSection
	GlobalSection(ProjectConfigurationPlatforms) = postSolution
		{B6B68CA7-CEC7-4752-A728-44AC1AA6CA72}.Debug|Any CPU.ActiveCfg = Debug|Any CPU
		{B6B68CA7-CEC7-4752-A728-44AC1AA6CA72}.Debug|Any CPU.Build.0 = Debug|Any CPU
		{B6B68CA7-CEC7-4752-A728-44AC1AA6CA72}.Release|Any CPU.ActiveCfg = Release|Any CPU
		{B6B68CA7-CEC7-4752-A728-44AC1AA6CA72}.Release|Any CPU.Build.0 = Release|Any CPU
	EndGlobalSection
	GlobalSection(SolutionProperties) = preSolution
		HideSolutionNode = FALSE
	EndGlobalSection
	GlobalSection(ExtensibilityGlobals) = postSolution
		SolutionGuid = {78D4AA68-F95E-4EE3-BD1D-55DF344BEE2C}
	EndGlobalSection
EndGlobal
