
Microsoft Visual Studio Solution File, Format Version 12.00
# Visual Studio Version 17
VisualStudioVersion = 17.11.35327.3
MinimumVisualStudioVersion = 10.0.40219.1
Project("{FAE04EC0-301F-11D3-BF4B-00C04F79EFBC}") = "exercise-23", "exercise-23\exercise-23.csproj", "{31F20DB1-3AE7-40CD-B37F-D921AAE53FB8}"
EndProject
Global
	GlobalSection(SolutionConfigurationPlatforms) = preSolution
		Debug|Any CPU = Debug|Any CPU
		Release|Any CPU = Release|Any CPU
	EndGlobalSection
	GlobalSection(ProjectConfigurationPlatforms) = postSolution
		{31F20DB1-3AE7-40CD-B37F-D921AAE53FB8}.Debug|Any CPU.ActiveCfg = Debug|Any CPU
		{31F20DB1-3AE7-40CD-B37F-D921AAE53FB8}.Debug|Any CPU.Build.0 = Debug|Any CPU
		{31F20DB1-3AE7-40CD-B37F-D921AAE53FB8}.Release|Any CPU.ActiveCfg = Release|Any CPU
		{31F20DB1-3AE7-40CD-B37F-D921AAE53FB8}.Release|Any CPU.Build.0 = Release|Any CPU
	EndGlobalSection
	GlobalSection(SolutionProperties) = preSolution
		HideSolutionNode = FALSE
	EndGlobalSection
	GlobalSection(ExtensibilityGlobals) = postSolution
		SolutionGuid = {897CA743-1C8B-4BF6-B8A0-28585F343108}
	EndGlobalSection
EndGlobal
